
Microsoft Visual Studio Solution File, Format Version 12.00
# Visual Studio Version 17
VisualStudioVersion = 17.11.35312.102
MinimumVisualStudioVersion = 10.0.40219.1
Project("{8BC9CEB8-8B4A-11D0-8D11-00A0C91BC942}") = "app", "app\app.vcxproj", "{02D9B942-700D-499A-8992-93570482E53C}"
EndProject
Project("{2150E333-8FDC-42A3-9474-1A3956D46DE8}") = "Solution Items", "Solution Items", "{0C648123-1583-479F-A92B-3FD3A5BB8E40}"
	ProjectSection(SolutionItems) = preProject
		app\lib\cotp.c = app\lib\cotp.c
		app\include\cotp.h = app\include\cotp.h
		app\lib\sqlite3.c = app\lib\sqlite3.c
		app\include\sqlite3.h = app\include\sqlite3.h
	EndProjectSection
EndProject
Global
	GlobalSection(SolutionConfigurationPlatforms) = preSolution
		Debug|x64 = Debug|x64
		Debug|x86 = Debug|x86
		Release|x64 = Release|x64
		Release|x86 = Release|x86
	EndGlobalSection
	GlobalSection(ProjectConfigurationPlatforms) = postSolution
		{02D9B942-700D-499A-8992-93570482E53C}.Debug|x64.ActiveCfg = Debug|x64
		{02D9B942-700D-499A-8992-93570482E53C}.Debug|x64.Build.0 = Debug|x64
		{02D9B942-700D-499A-8992-93570482E53C}.Debug|x86.ActiveCfg = Debug|Win32
		{02D9B942-700D-499A-8992-93570482E53C}.Debug|x86.Build.0 = Debug|Win32
		{02D9B942-700D-499A-8992-93570482E53C}.Release|x64.ActiveCfg = Release|x64
		{02D9B942-700D-499A-8992-93570482E53C}.Release|x64.Build.0 = Release|x64
		{02D9B942-700D-499A-8992-93570482E53C}.Release|x86.ActiveCfg = Release|Win32
		{02D9B942-700D-499A-8992-93570482E53C}.Release|x86.Build.0 = Release|Win32
	EndGlobalSection
	GlobalSection(SolutionProperties) = preSolution
		HideSolutionNode = FALSE
	EndGlobalSection
	GlobalSection(ExtensibilityGlobals) = postSolution
		SolutionGuid = {3327B7D7-6B00-45E0-9739-0E93842E486A}
	EndGlobalSection
EndGlobal
